// !$*UTF8*$!
{
	archiveVersion = 1;
	classes = {
	};
	objectVersion = 50;
	objects = {

/* Begin PBXBuildFile section */
		9D2BE4292205224E0070F996 /* DataModel.xcdatamodeld in Sources */ = {isa = PBXBuildFile; fileRef = 9D2BE4272205224E0070F996 /* DataModel.xcdatamodeld */; };
		9DA03AC521FF4B60002D80DC /* AppDelegate.swift in Sources */ = {isa = PBXBuildFile; fileRef = 9DA03AC421FF4B60002D80DC /* AppDelegate.swift */; };
		9DA03AC721FF4B60002D80DC /* TodoeyListViewController.swift in Sources */ = {isa = PBXBuildFile; fileRef = 9DA03AC621FF4B60002D80DC /* TodoeyListViewController.swift */; };
		9DA03ACA21FF4B60002D80DC /* Main.storyboard in Resources */ = {isa = PBXBuildFile; fileRef = 9DA03AC821FF4B60002D80DC /* Main.storyboard */; };
		9DA03ACC21FF4B62002D80DC /* Assets.xcassets in Resources */ = {isa = PBXBuildFile; fileRef = 9DA03ACB21FF4B62002D80DC /* Assets.xcassets */; };
		9DA03ACF21FF4B62002D80DC /* LaunchScreen.storyboard in Resources */ = {isa = PBXBuildFile; fileRef = 9DA03ACD21FF4B62002D80DC /* LaunchScreen.storyboard */; };
		9DB466042208B3050028E153 /* CategoryTableViewController.swift in Sources */ = {isa = PBXBuildFile; fileRef = 9DB466032208B3050028E153 /* CategoryTableViewController.swift */; };
/* End PBXBuildFile section */

/* Begin PBXFileReference section */
		9D2BE4282205224E0070F996 /* DataModel.xcdatamodel */ = {isa = PBXFileReference; lastKnownFileType = wrapper.xcdatamodel; path = DataModel.xcdatamodel; sourceTree = "<group>"; };
		9DA03AC121FF4B60002D80DC /* todoeylist.app */ = {isa = PBXFileReference; explicitFileType = wrapper.application; includeInIndex = 0; path = todoeylist.app; sourceTree = BUILT_PRODUCTS_DIR; };
		9DA03AC421FF4B60002D80DC /* AppDelegate.swift */ = {isa = PBXFileReference; lastKnownFileType = sourcecode.swift; path = AppDelegate.swift; sourceTree = "<group>"; };
		9DA03AC621FF4B60002D80DC /* TodoeyListViewController.swift */ = {isa = PBXFileReference; lastKnownFileType = sourcecode.swift; path = TodoeyListViewController.swift; sourceTree = "<group>"; };
		9DA03AC921FF4B60002D80DC /* Base */ = {isa = PBXFileReference; lastKnownFileType = file.storyboard; name = Base; path = Base.lproj/Main.storyboard; sourceTree = "<group>"; };
		9DA03ACB21FF4B62002D80DC /* Assets.xcassets */ = {isa = PBXFileReference; lastKnownFileType = folder.assetcatalog; path = Assets.xcassets; sourceTree = "<group>"; };
		9DA03ACE21FF4B62002D80DC /* Base */ = {isa = PBXFileReference; lastKnownFileType = file.storyboard; name = Base; path = Base.lproj/LaunchScreen.storyboard; sourceTree = "<group>"; };
		9DA03AD021FF4B62002D80DC /* Info.plist */ = {isa = PBXFileReference; lastKnownFileType = text.plist.xml; path = Info.plist; sourceTree = "<group>"; };
		9DB466032208B3050028E153 /* CategoryTableViewController.swift */ = {isa = PBXFileReference; lastKnownFileType = sourcecode.swift; path = CategoryTableViewController.swift; sourceTree = "<group>"; };
/* End PBXFileReference section */

/* Begin PBXFrameworksBuildPhase section */
		9DA03ABE21FF4B60002D80DC /* Frameworks */ = {
			isa = PBXFrameworksBuildPhase;
			buildActionMask = 2147483647;
			files = (
			);
			runOnlyForDeploymentPostprocessing = 0;
		};
/* End PBXFrameworksBuildPhase section */

/* Begin PBXGroup section */
		9DA03AB821FF4B60002D80DC = {
			isa = PBXGroup;
			children = (
				9DA03AC321FF4B60002D80DC /* todoeylist */,
				9DA03AC221FF4B60002D80DC /* Products */,
			);
			sourceTree = "<group>";
		};
		9DA03AC221FF4B60002D80DC /* Products */ = {
			isa = PBXGroup;
			children = (
				9DA03AC121FF4B60002D80DC /* todoeylist.app */,
			);
			name = Products;
			sourceTree = "<group>";
		};
		9DA03AC321FF4B60002D80DC /* todoeylist */ = {
			isa = PBXGroup;
			children = (
				9DA03AC421FF4B60002D80DC /* AppDelegate.swift */,
				9DC233F12202337F00B91C2B /* Controller */,
				9DC233F22202339700B91C2B /* View */,
				9DC233F4220233B400B91C2B /* Model */,
				9DC233F3220233A600B91C2B /* Supporting Files */,
			);
			path = todoeylist;
			sourceTree = "<group>";
		};
		9DC233F12202337F00B91C2B /* Controller */ = {
			isa = PBXGroup;
			children = (
				9DB466032208B3050028E153 /* CategoryTableViewController.swift */,
				9DA03AC621FF4B60002D80DC /* TodoeyListViewController.swift */,
			);
			path = Controller;
			sourceTree = "<group>";
		};
		9DC233F22202339700B91C2B /* View */ = {
			isa = PBXGroup;
			children = (
				9DA03AC821FF4B60002D80DC /* Main.storyboard */,
				9DA03ACB21FF4B62002D80DC /* Assets.xcassets */,
				9DA03ACD21FF4B62002D80DC /* LaunchScreen.storyboard */,
			);
			path = View;
			sourceTree = "<group>";
		};
		9DC233F3220233A600B91C2B /* Supporting Files */ = {
			isa = PBXGroup;
			children = (
				9DA03AD021FF4B62002D80DC /* Info.plist */,
			);
			path = "Supporting Files";
			sourceTree = "<group>";
		};
		9DC233F4220233B400B91C2B /* Model */ = {
			isa = PBXGroup;
			children = (
				9D2BE4272205224E0070F996 /* DataModel.xcdatamodeld */,
			);
			path = Model;
			sourceTree = "<group>";
		};
/* End PBXGroup section */

/* Begin PBXNativeTarget section */
		9DA03AC021FF4B60002D80DC /* todoeylist */ = {
			isa = PBXNativeTarget;
			buildConfigurationList = 9DA03AD321FF4B62002D80DC /* Build configuration list for PBXNativeTarget "todoeylist" */;
			buildPhases = (
				9DA03ABD21FF4B60002D80DC /* Sources */,
				9DA03ABE21FF4B60002D80DC /* Frameworks */,
				9DA03ABF21FF4B60002D80DC /* Resources */,
			);
			buildRules = (
			);
			dependencies = (
			);
			name = todoeylist;
			productName = todoeylist;
			productReference = 9DA03AC121FF4B60002D80DC /* todoeylist.app */;
			productType = "com.apple.product-type.application";
		};
/* End PBXNativeTarget section */

/* Begin PBXProject section */
		9DA03AB921FF4B60002D80DC /* Project object */ = {
			isa = PBXProject;
			attributes = {
				LastSwiftUpdateCheck = 1010;
				LastUpgradeCheck = 1010;
				ORGANIZATIONNAME = "Felipe Silva Lima";
				TargetAttributes = {
					9DA03AC021FF4B60002D80DC = {
						CreatedOnToolsVersion = 10.1;
					};
				};
			};
			buildConfigurationList = 9DA03ABC21FF4B60002D80DC /* Build configuration list for PBXProject "todoeylist" */;
			compatibilityVersion = "Xcode 9.3";
			developmentRegion = en;
			hasScannedForEncodings = 0;
			knownRegions = (
				en,
				Base,
			);
			mainGroup = 9DA03AB821FF4B60002D80DC;
			productRefGroup = 9DA03AC221FF4B60002D80DC /* Products */;
			projectDirPath = "";
			projectRoot = "";
			targets = (
				9DA03AC021FF4B60002D80DC /* todoeylist */,
			);
		};
/* End PBXProject section */

/* Begin PBXResourcesBuildPhase section */
		9DA03ABF21FF4B60002D80DC /* Resources */ = {
			isa = PBXResourcesBuildPhase;
			buildActionMask = 2147483647;
			files = (
				9DA03ACF21FF4B62002D80DC /* LaunchScreen.storyboard in Resources */,
				9DA03ACC21FF4B62002D80DC /* Assets.xcassets in Resources */,
				9DA03ACA21FF4B60002D80DC /* Main.storyboard in Resources */,
			);
			runOnlyForDeploymentPostprocessing = 0;
		};
/* End PBXResourcesBuildPhase section */

/* Begin PBXSourcesBuildPhase section */
		9DA03ABD21FF4B60002D80DC /* Sources */ = {
			isa = PBXSourcesBuildPhase;
			buildActionMask = 2147483647;
			files = (
				9DA03AC721FF4B60002D80DC /* TodoeyListViewController.swift in Sources */,
				9D2BE4292205224E0070F996 /* DataModel.xcdatamodeld in Sources */,
				9DB466042208B3050028E153 /* CategoryTableViewController.swift in Sources */,
				9DA03AC521FF4B60002D80DC /* AppDelegate.swift in Sources */,
			);
			runOnlyForDeploymentPostprocessing = 0;
		};
/* End PBXSourcesBuildPhase section */

/* Begin PBXVariantGroup section */
		9DA03AC821FF4B60002D80DC /* Main.storyboard */ = {
			isa = PBXVariantGroup;
			children = (
				9DA03AC921FF4B60002D80DC /* Base */,
			);
			name = Main.storyboard;
			sourceTree = "<group>";
		};
		9DA03ACD21FF4B62002D80DC /* LaunchScreen.storyboard */ = {
			isa = PBXVariantGroup;
			children = (
				9DA03ACE21FF4B62002D80DC /* Base */,
			);
			name = LaunchScreen.storyboard;
			sourceTree = "<group>";
		};
/* End PBXVariantGroup section */

/* Begin XCBuildConfiguration section */
		9DA03AD121FF4B62002D80DC /* Debug */ = {
			isa = XCBuildConfiguration;
			buildSettings = {
				ALWAYS_SEARCH_USER_PATHS = NO;
				CLANG_ANALYZER_NONNULL = YES;
				CLANG_ANALYZER_NUMBER_OBJECT_CONVERSION = YES_AGGRESSIVE;
				CLANG_CXX_LANGUAGE_STANDARD = "gnu++14";
				CLANG_CXX_LIBRARY = "libc++";
				CLANG_ENABLE_MODULES = YES;
				CLANG_ENABLE_OBJC_ARC = YES;
				CLANG_ENABLE_OBJC_WEAK = YES;
				CLANG_WARN_BLOCK_CAPTURE_AUTORELEASING = YES;
				CLANG_WARN_BOOL_CONVERSION = YES;
				CLANG_WARN_COMMA = YES;
				CLANG_WARN_CONSTANT_CONVERSION = YES;
				CLANG_WARN_DEPRECATED_OBJC_IMPLEMENTATIONS = YES;
				CLANG_WARN_DIRECT_OBJC_ISA_USAGE = YES_ERROR;
				CLANG_WARN_DOCUMENTATION_COMMENTS = YES;
				CLANG_WARN_EMPTY_BODY = YES;
				CLANG_WARN_ENUM_CONVERSION = YES;
				CLANG_WARN_INFINITE_RECURSION = YES;
				CLANG_WARN_INT_CONVERSION = YES;
				CLANG_WARN_NON_LITERAL_NULL_CONVERSION = YES;
				CLANG_WARN_OBJC_IMPLICIT_RETAIN_SELF = YES;
				CLANG_WARN_OBJC_LITERAL_CONVERSION = YES;
				CLANG_WARN_OBJC_ROOT_CLASS = YES_ERROR;
				CLANG_WARN_RANGE_LOOP_ANALYSIS = YES;
				CLANG_WARN_STRICT_PROTOTYPES = YES;
				CLANG_WARN_SUSPICIOUS_MOVE = YES;
				CLANG_WARN_UNGUARDED_AVAILABILITY = YES_AGGRESSIVE;
				CLANG_WARN_UNREACHABLE_CODE = YES;
				CLANG_WARN__DUPLICATE_METHOD_MATCH = YES;
				CODE_SIGN_IDENTITY = "iPhone Developer";
				COPY_PHASE_STRIP = NO;
				DEBUG_INFORMATION_FORMAT = dwarf;
				ENABLE_STRICT_OBJC_MSGSEND = YES;
				ENABLE_TESTABILITY = YES;
				GCC_C_LANGUAGE_STANDARD = gnu11;
				GCC_DYNAMIC_NO_PIC = NO;
				GCC_NO_COMMON_BLOCKS = YES;
				GCC_OPTIMIZATION_LEVEL = 0;
				GCC_PREPROCESSOR_DEFINITIONS = (
					"DEBUG=1",
					"$(inherited)",
				);
				GCC_WARN_64_TO_32_BIT_CONVERSION = YES;
				GCC_WARN_ABOUT_RETURN_TYPE = YES_ERROR;
				GCC_WARN_UNDECLARED_SELECTOR = YES;
				GCC_WARN_UNINITIALIZED_AUTOS = YES_AGGRESSIVE;
				GCC_WARN_UNUSED_FUNCTION = YES;
				GCC_WARN_UNUSED_VARIABLE = YES;
				IPHONEOS_DEPLOYMENT_TARGET = 12.1;
				MTL_ENABLE_DEBUG_INFO = INCLUDE_SOURCE;
				MTL_FAST_MATH = YES;
				ONLY_ACTIVE_ARCH = YES;
				SDKROOT = iphoneos;
				SWIFT_ACTIVE_COMPILATION_CONDITIONS = DEBUG;
				SWIFT_OPTIMIZATION_LEVEL = "-Onone";
			};
			name = Debug;
		};
		9DA03AD221FF4B62002D80DC /* Release */ = {
			isa = XCBuildConfiguration;
			buildSettings = {
				ALWAYS_SEARCH_USER_PATHS = NO;
				CLANG_ANALYZER_NONNULL = YES;
				CLANG_ANALYZER_NUMBER_OBJECT_CONVERSION = YES_AGGRESSIVE;
				CLANG_CXX_LANGUAGE_STANDARD = "gnu++14";
				CLANG_CXX_LIBRARY = "libc++";
				CLANG_ENABLE_MODULES = YES;
				CLANG_ENABLE_OBJC_ARC = YES;
				CLANG_ENABLE_OBJC_WEAK = YES;
				CLANG_WARN_BLOCK_CAPTURE_AUTORELEASING = YES;
				CLANG_WARN_BOOL_CONVERSION = YES;
				CLANG_WARN_COMMA = YES;
				CLANG_WARN_CONSTANT_CONVERSION = YES;
				CLANG_WARN_DEPRECATED_OBJC_IMPLEMENTATIONS = YES;
				CLANG_WARN_DIRECT_OBJC_ISA_USAGE = YES_ERROR;
				CLANG_WARN_DOCUMENTATION_COMMENTS = YES;
				CLANG_WARN_EMPTY_BODY = YES;
				CLANG_WARN_ENUM_CONVERSION = YES;
				CLANG_WARN_INFINITE_RECURSION = YES;
				CLANG_WARN_INT_CONVERSION = YES;
				CLANG_WARN_NON_LITERAL_NULL_CONVERSION = YES;
				CLANG_WARN_OBJC_IMPLICIT_RETAIN_SELF = YES;
				CLANG_WARN_OBJC_LITERAL_CONVERSION = YES;
				CLANG_WARN_OBJC_ROOT_CLASS = YES_ERROR;
				CLANG_WARN_RANGE_LOOP_ANALYSIS = YES;
				CLANG_WARN_STRICT_PROTOTYPES = YES;
				CLANG_WARN_SUSPICIOUS_MOVE = YES;
				CLANG_WARN_UNGUARDED_AVAILABILITY = YES_AGGRESSIVE;
				CLANG_WARN_UNREACHABLE_CODE = YES;
				CLANG_WARN__DUPLICATE_METHOD_MATCH = YES;
				CODE_SIGN_IDENTITY = "iPhone Developer";
				COPY_PHASE_STRIP = NO;
				DEBUG_INFORMATION_FORMAT = "dwarf-with-dsym";
				ENABLE_NS_ASSERTIONS = NO;
				ENABLE_STRICT_OBJC_MSGSEND = YES;
				GCC_C_LANGUAGE_STANDARD = gnu11;
				GCC_NO_COMMON_BLOCKS = YES;
				GCC_WARN_64_TO_32_BIT_CONVERSION = YES;
				GCC_WARN_ABOUT_RETURN_TYPE = YES_ERROR;
				GCC_WARN_UNDECLARED_SELECTOR = YES;
				GCC_WARN_UNINITIALIZED_AUTOS = YES_AGGRESSIVE;
				GCC_WARN_UNUSED_FUNCTION = YES;
				GCC_WARN_UNUSED_VARIABLE = YES;
				IPHONEOS_DEPLOYMENT_TARGET = 12.1;
				MTL_ENABLE_DEBUG_INFO = NO;
				MTL_FAST_MATH = YES;
				SDKROOT = iphoneos;
				SWIFT_COMPILATION_MODE = wholemodule;
				SWIFT_OPTIMIZATION_LEVEL = "-O";
				VALIDATE_PRODUCT = YES;
			};
			name = Release;
		};
		9DA03AD421FF4B62002D80DC /* Debug */ = {
			isa = XCBuildConfiguration;
			buildSettings = {
				ASSETCATALOG_COMPILER_APPICON_NAME = AppIcon;
				CODE_SIGN_STYLE = Automatic;
				DEVELOPMENT_TEAM = 3SZG9KNYY3;
				INFOPLIST_FILE = "$(SRCROOT)/todoeylist/Supporting Files/Info.plist";
				LD_RUNPATH_SEARCH_PATHS = (
					"$(inherited)",
					"@executable_path/Frameworks",
				);
				PRODUCT_BUNDLE_IDENTIFIER = com.felipeapps.todoeylist;
				PRODUCT_NAME = "$(TARGET_NAME)";
				SWIFT_VERSION = 4.2;
				TARGETED_DEVICE_FAMILY = "1,2";
			};
			name = Debug;
		};
		9DA03AD521FF4B62002D80DC /* Release */ = {
			isa = XCBuildConfiguration;
			buildSettings = {
				ASSETCATALOG_COMPILER_APPICON_NAME = AppIcon;
				CODE_SIGN_STYLE = Automatic;
				DEVELOPMENT_TEAM = 3SZG9KNYY3;
				INFOPLIST_FILE = "$(SRCROOT)/todoeylist/Supporting Files/Info.plist";
				LD_RUNPATH_SEARCH_PATHS = (
					"$(inherited)",
					"@executable_path/Frameworks",
				);
				PRODUCT_BUNDLE_IDENTIFIER = com.felipeapps.todoeylist;
				PRODUCT_NAME = "$(TARGET_NAME)";
				SWIFT_VERSION = 4.2;
				TARGETED_DEVICE_FAMILY = "1,2";
			};
			name = Release;
		};
/* End XCBuildConfiguration section */

/* Begin XCConfigurationList section */
		9DA03ABC21FF4B60002D80DC /* Build configuration list for PBXProject "todoeylist" */ = {
			isa = XCConfigurationList;
			buildConfigurations = (
				9DA03AD121FF4B62002D80DC /* Debug */,
				9DA03AD221FF4B62002D80DC /* Release */,
			);
			defaultConfigurationIsVisible = 0;
			defaultConfigurationName = Release;
		};
		9DA03AD321FF4B62002D80DC /* Build configuration list for PBXNativeTarget "todoeylist" */ = {
			isa = XCConfigurationList;
			buildConfigurations = (
				9DA03AD421FF4B62002D80DC /* Debug */,
				9DA03AD521FF4B62002D80DC /* Release */,
			);
			defaultConfigurationIsVisible = 0;
			defaultConfigurationName = Release;
		};
/* End XCConfigurationList section */

/* Begin XCVersionGroup section */
		9D2BE4272205224E0070F996 /* DataModel.xcdatamodeld */ = {
			isa = XCVersionGroup;
			children = (
				9D2BE4282205224E0070F996 /* DataModel.xcdatamodel */,
			);
			currentVersion = 9D2BE4282205224E0070F996 /* DataModel.xcdatamodel */;
			path = DataModel.xcdatamodeld;
			sourceTree = "<group>";
			versionGroupType = wrapper.xcdatamodel;
		};
/* End XCVersionGroup section */
	};
	rootObject = 9DA03AB921FF4B60002D80DC /* Project object */;
}
